
Microsoft Visual Studio Solution File, Format Version 12.00
# Visual Studio Version 17
VisualStudioVersion = 17.5.33414.496
MinimumVisualStudioVersion = 10.0.40219.1
Project("{FAE04EC0-301F-11D3-BF4B-00C04F79EFBC}") = "WindowsFormsAppDom", "WindowsFormsApp1\WindowsFormsAppDom.csproj", "{9A7996EA-A91E-4F4B-9566-E15CD831DFBA}"
EndProject
Global
	GlobalSection(SolutionConfigurationPlatforms) = preSolution
		Debug|Any CPU = Debug|Any CPU
		Release|Any CPU = Release|Any CPU
	EndGlobalSection
	GlobalSection(ProjectConfigurationPlatforms) = postSolution
		{9A7996EA-A91E-4F4B-9566-E15CD831DFBA}.Debug|Any CPU.ActiveCfg = Debug|Any CPU
		{9A7996EA-A91E-4F4B-9566-E15CD831DFBA}.Debug|Any CPU.Build.0 = Debug|Any CPU
		{9A7996EA-A91E-4F4B-9566-E15CD831DFBA}.Release|Any CPU.ActiveCfg = Release|Any CPU
		{9A7996EA-A91E-4F4B-9566-E15CD831DFBA}.Release|Any CPU.Build.0 = Release|Any CPU
	EndGlobalSection
	GlobalSection(SolutionProperties) = preSolution
		HideSolutionNode = FALSE
	EndGlobalSection
	GlobalSection(ExtensibilityGlobals) = postSolution
		SolutionGuid = {D2BCEA4F-B36D-40CE-B617-9657E71286B9}
	EndGlobalSection
EndGlobal
