
Microsoft Visual Studio Solution File, Format Version 12.00
# Visual Studio Version 17
VisualStudioVersion = 17.5.33414.496
MinimumVisualStudioVersion = 10.0.40219.1
Project("{FAE04EC0-301F-11D3-BF4B-00C04F79EFBC}") = "kolokviumska edna", "kolokviumska edna\kolokviumska edna.csproj", "{4A648618-1C4F-403F-A4A0-1D11DE2E37D7}"
EndProject
Global
	GlobalSection(SolutionConfigurationPlatforms) = preSolution
		Debug|Any CPU = Debug|Any CPU
		Release|Any CPU = Release|Any CPU
	EndGlobalSection
	GlobalSection(ProjectConfigurationPlatforms) = postSolution
		{4A648618-1C4F-403F-A4A0-1D11DE2E37D7}.Debug|Any CPU.ActiveCfg = Debug|Any CPU
		{4A648618-1C4F-403F-A4A0-1D11DE2E37D7}.Debug|Any CPU.Build.0 = Debug|Any CPU
		{4A648618-1C4F-403F-A4A0-1D11DE2E37D7}.Release|Any CPU.ActiveCfg = Release|Any CPU
		{4A648618-1C4F-403F-A4A0-1D11DE2E37D7}.Release|Any CPU.Build.0 = Release|Any CPU
	EndGlobalSection
	GlobalSection(SolutionProperties) = preSolution
		HideSolutionNode = FALSE
	EndGlobalSection
	GlobalSection(ExtensibilityGlobals) = postSolution
		SolutionGuid = {BAAE3357-8317-460B-827B-6F3D38DD1655}
	EndGlobalSection
EndGlobal
