
Microsoft Visual Studio Solution File, Format Version 12.00
# Visual Studio Version 17
VisualStudioVersion = 17.5.33414.496
MinimumVisualStudioVersion = 10.0.40219.1
Project("{FAE04EC0-301F-11D3-BF4B-00C04F79EFBC}") = "Parking", "Parking\Parking.csproj", "{AF848F73-E53B-45C2-B4A5-C949CEA33F84}"
EndProject
Global
	GlobalSection(SolutionConfigurationPlatforms) = preSolution
		Debug|Any CPU = Debug|Any CPU
		Release|Any CPU = Release|Any CPU
	EndGlobalSection
	GlobalSection(ProjectConfigurationPlatforms) = postSolution
		{AF848F73-E53B-45C2-B4A5-C949CEA33F84}.Debug|Any CPU.ActiveCfg = Debug|Any CPU
		{AF848F73-E53B-45C2-B4A5-C949CEA33F84}.Debug|Any CPU.Build.0 = Debug|Any CPU
		{AF848F73-E53B-45C2-B4A5-C949CEA33F84}.Release|Any CPU.ActiveCfg = Release|Any CPU
		{AF848F73-E53B-45C2-B4A5-C949CEA33F84}.Release|Any CPU.Build.0 = Release|Any CPU
	EndGlobalSection
	GlobalSection(SolutionProperties) = preSolution
		HideSolutionNode = FALSE
	EndGlobalSection
	GlobalSection(ExtensibilityGlobals) = postSolution
		SolutionGuid = {DD294F85-0204-4F76-B397-0EF255175BC4}
	EndGlobalSection
EndGlobal
